
Microsoft Visual Studio Solution File, Format Version 12.00
# Visual Studio Version 16
VisualStudioVersion = 16.0.31105.61
MinimumVisualStudioVersion = 10.0.40219.1
Project("{8BC9CEB8-8B4A-11D0-8D11-00A0C91BC942}") = "project_blockchain", "project_blockchain.vcxproj", "{62CD06DE-A595-488E-88A4-635C2759AF11}"
EndProject
Global
	GlobalSection(SolutionConfigurationPlatforms) = preSolution
		Debug|x64 = Debug|x64
		Debug|x86 = Debug|x86
		Release|x64 = Release|x64
		Release|x86 = Release|x86
	EndGlobalSection
	GlobalSection(ProjectConfigurationPlatforms) = postSolution
		{62CD06DE-A595-488E-88A4-635C2759AF11}.Debug|x64.ActiveCfg = Debug|x64
		{62CD06DE-A595-488E-88A4-635C2759AF11}.Debug|x64.Build.0 = Debug|x64
		{62CD06DE-A595-488E-88A4-635C2759AF11}.Debug|x86.ActiveCfg = Debug|Win32
		{62CD06DE-A595-488E-88A4-635C2759AF11}.Debug|x86.Build.0 = Debug|Win32
		{62CD06DE-A595-488E-88A4-635C2759AF11}.Release|x64.ActiveCfg = Release|x64
		{62CD06DE-A595-488E-88A4-635C2759AF11}.Release|x64.Build.0 = Release|x64
		{62CD06DE-A595-488E-88A4-635C2759AF11}.Release|x86.ActiveCfg = Release|Win32
		{62CD06DE-A595-488E-88A4-635C2759AF11}.Release|x86.Build.0 = Release|Win32
	EndGlobalSection
	GlobalSection(SolutionProperties) = preSolution
		HideSolutionNode = FALSE
	EndGlobalSection
	GlobalSection(ExtensibilityGlobals) = postSolution
		SolutionGuid = {E5521B9F-2B18-43BB-9648-C0B73191ECD1}
	EndGlobalSection
EndGlobal
